github.com/vearutop/monorepo-playground/deep/another v0.0.0-20221115195614-77518b3db090 h1:/A8Ff9Ry7qMfd3jxuiJfpRNoyZdg3euzpcpx0kJDMYU=
github.com/vearutop/monorepo-playground/deep/another v0.0.0-20221115195614-77518b3db090/go.mod h1:i4pFQE90WQDKdOeHUkVjMNT3zkleQtNn9gr75hDnLyg=
github.com/vearutop/monorepo-playground/go v0.0.0-20221115195614-77518b3db090 h1:viaH8azmkm9MYlYCSLZpIxfOyUdRO44oJR4SG3yWrFk=
github.com/vearutop/monorepo-playground/go v0.0.0-20221115195614-77518b3db090/go.mod h1:rjF/b+wdb9AxRQ4eNoHtYG6bcqMJa+xuSmyf4FjyRMI=
