github.com/vearutop/monorepo-playground/deep/another/v3 v3.0.8 h1:oPOt+Xsn7+VB+dluFKolaj4d5TMkurMhgDqJ3IAwVoQ=
github.com/vearutop/monorepo-playground/deep/another/v3 v3.0.8/go.mod h1:T6mtH0+aD+sI3lLt7FgHeWPKEAZyPYLRaits0zfYS0I=
github.com/vearutop/monorepo-playground/go/v3 v3.0.5 h1:eLVQt6725yoExYEpdyq0v8VgzZkeRDn5meWvxUJCix4=
github.com/vearutop/monorepo-playground/go/v3 v3.0.5/go.mod h1:IukSaI+3pCQoaroF0bVEVI2uQEof202qyLd4g1XGQ1U=
