github.com/vearutop/monorepo-playground/deep/another v0.0.0-20221115195156-82371b5008e4 h1:Lktn8F/he6PZ9fAGSxBbkxHm0Cu1/tmycWUAQzu9fEQ=
github.com/vearutop/monorepo-playground/deep/another v0.0.0-20221115195156-82371b5008e4/go.mod h1:i4pFQE90WQDKdOeHUkVjMNT3zkleQtNn9gr75hDnLyg=
github.com/vearutop/monorepo-playground/go v0.0.0-20221115195156-82371b5008e4 h1:TKay4iizu7Be7AyGasWqDUdxmxmde/JoKd3iKoggp4s=
github.com/vearutop/monorepo-playground/go v0.0.0-20221115195156-82371b5008e4/go.mod h1:rjF/b+wdb9AxRQ4eNoHtYG6bcqMJa+xuSmyf4FjyRMI=
